
Microsoft Visual Studio Solution File, Format Version 12.00
# Visual Studio Version 17
VisualStudioVersion = 17.9.34902.65
MinimumVisualStudioVersion = 10.0.40219.1
Project("{9A19103F-16F7-4668-BE54-9A1E7A4F7556}") = "ThermoRawFileParser", "ThermoRawFileParser.csproj", "{A1AB1BD8-180D-49FD-AFBB-9515EE1E862B}"
EndProject
Project("{9A19103F-16F7-4668-BE54-9A1E7A4F7556}") = "ThermoRawFileParserTest", "ThermoRawFileParserTest\ThermoRawFileParserTest.csproj", "{5D42807F-E856-42D7-9D3E-0A17584A9D55}"
EndProject
Global
	GlobalSection(SolutionConfigurationPlatforms) = preSolution
		Debug|x64 = Debug|x64
		Release|x64 = Release|x64
	EndGlobalSection
	GlobalSection(ProjectConfigurationPlatforms) = postSolution
		{A1AB1BD8-180D-49FD-AFBB-9515EE1E862B}.Debug|x64.ActiveCfg = Debug|x64
		{A1AB1BD8-180D-49FD-AFBB-9515EE1E862B}.Debug|x64.Build.0 = Debug|x64
		{A1AB1BD8-180D-49FD-AFBB-9515EE1E862B}.Release|x64.ActiveCfg = Release|x64
		{A1AB1BD8-180D-49FD-AFBB-9515EE1E862B}.Release|x64.Build.0 = Release|x64
		{5D42807F-E856-42D7-9D3E-0A17584A9D55}.Debug|x64.ActiveCfg = Debug|x64
		{5D42807F-E856-42D7-9D3E-0A17584A9D55}.Debug|x64.Build.0 = Debug|x64
		{5D42807F-E856-42D7-9D3E-0A17584A9D55}.Release|x64.ActiveCfg = Release|x64
		{5D42807F-E856-42D7-9D3E-0A17584A9D55}.Release|x64.Build.0 = Release|x64
	EndGlobalSection
	GlobalSection(SolutionProperties) = preSolution
		HideSolutionNode = FALSE
	EndGlobalSection
	GlobalSection(ExtensibilityGlobals) = postSolution
		SolutionGuid = {6549F3E3-F5CF-4970-8527-E8E0594A0294}
	EndGlobalSection
EndGlobal
